
Microsoft Visual Studio Solution File, Format Version 12.00
# Visual Studio Version 17
VisualStudioVersion = 17.9.34622.214
MinimumVisualStudioVersion = 10.0.40219.1
Project("{2150E333-8FDC-42A3-9474-1A3956D46DE8}") = "Services", "Services", "{5C4CBDC4-2C63-48F0-B978-979ED302DCED}"
EndProject
Project("{2150E333-8FDC-42A3-9474-1A3956D46DE8}") = "Catalog", "Catalog", "{EEFED4D1-F7A6-45C1-A942-67EBA767BADA}"
EndProject
Project("{9A19103F-16F7-4668-BE54-9A1E7A4F7556}") = "Catalog.Core", "Services\Catalog\Catalog.Core\Catalog.Core.csproj", "{5FB54604-5D28-4DD1-9542-8D90075FC78A}"
EndProject
Project("{9A19103F-16F7-4668-BE54-9A1E7A4F7556}") = "Catalog.Infrastructure", "Services\Catalog\Catalog.Infrastructure\Catalog.Infrastructure.csproj", "{010AEBEB-DDE8-463E-AADA-F385608EEC4F}"
EndProject
Project("{9A19103F-16F7-4668-BE54-9A1E7A4F7556}") = "Catalog.API", "Services\Catalog\Catalog.API\Catalog.API.csproj", "{BA302FE0-ACFA-430B-A597-57B1327DFEFE}"
EndProject
Project("{9A19103F-16F7-4668-BE54-9A1E7A4F7556}") = "Catalog.Application", "Services\Catalog\Catalog.Application\Catalog.Application.csproj", "{37F7DEE9-2883-4B96-873A-399E2CD3464F}"
EndProject
Project("{E53339B2-1760-4266-BCC7-CA923CBCF16C}") = "docker-compose", "docker-compose.dcproj", "{E1598C1C-8DBF-413A-892F-5399DC6DFA71}"
EndProject
Global
	GlobalSection(SolutionConfigurationPlatforms) = preSolution
		Debug|Any CPU = Debug|Any CPU
		Release|Any CPU = Release|Any CPU
	EndGlobalSection
	GlobalSection(ProjectConfigurationPlatforms) = postSolution
		{5FB54604-5D28-4DD1-9542-8D90075FC78A}.Debug|Any CPU.ActiveCfg = Debug|Any CPU
		{5FB54604-5D28-4DD1-9542-8D90075FC78A}.Debug|Any CPU.Build.0 = Debug|Any CPU
		{5FB54604-5D28-4DD1-9542-8D90075FC78A}.Release|Any CPU.ActiveCfg = Release|Any CPU
		{5FB54604-5D28-4DD1-9542-8D90075FC78A}.Release|Any CPU.Build.0 = Release|Any CPU
		{010AEBEB-DDE8-463E-AADA-F385608EEC4F}.Debug|Any CPU.ActiveCfg = Debug|Any CPU
		{010AEBEB-DDE8-463E-AADA-F385608EEC4F}.Debug|Any CPU.Build.0 = Debug|Any CPU
		{010AEBEB-DDE8-463E-AADA-F385608EEC4F}.Release|Any CPU.ActiveCfg = Release|Any CPU
		{010AEBEB-DDE8-463E-AADA-F385608EEC4F}.Release|Any CPU.Build.0 = Release|Any CPU
		{BA302FE0-ACFA-430B-A597-57B1327DFEFE}.Debug|Any CPU.ActiveCfg = Debug|Any CPU
		{BA302FE0-ACFA-430B-A597-57B1327DFEFE}.Debug|Any CPU.Build.0 = Debug|Any CPU
		{BA302FE0-ACFA-430B-A597-57B1327DFEFE}.Release|Any CPU.ActiveCfg = Release|Any CPU
		{BA302FE0-ACFA-430B-A597-57B1327DFEFE}.Release|Any CPU.Build.0 = Release|Any CPU
		{37F7DEE9-2883-4B96-873A-399E2CD3464F}.Debug|Any CPU.ActiveCfg = Debug|Any CPU
		{37F7DEE9-2883-4B96-873A-399E2CD3464F}.Debug|Any CPU.Build.0 = Debug|Any CPU
		{37F7DEE9-2883-4B96-873A-399E2CD3464F}.Release|Any CPU.ActiveCfg = Release|Any CPU
		{37F7DEE9-2883-4B96-873A-399E2CD3464F}.Release|Any CPU.Build.0 = Release|Any CPU
		{E1598C1C-8DBF-413A-892F-5399DC6DFA71}.Debug|Any CPU.ActiveCfg = Debug|Any CPU
		{E1598C1C-8DBF-413A-892F-5399DC6DFA71}.Debug|Any CPU.Build.0 = Debug|Any CPU
		{E1598C1C-8DBF-413A-892F-5399DC6DFA71}.Release|Any CPU.ActiveCfg = Release|Any CPU
		{E1598C1C-8DBF-413A-892F-5399DC6DFA71}.Release|Any CPU.Build.0 = Release|Any CPU
	EndGlobalSection
	GlobalSection(SolutionProperties) = preSolution
		HideSolutionNode = FALSE
	EndGlobalSection
	GlobalSection(NestedProjects) = preSolution
		{EEFED4D1-F7A6-45C1-A942-67EBA767BADA} = {5C4CBDC4-2C63-48F0-B978-979ED302DCED}
		{5FB54604-5D28-4DD1-9542-8D90075FC78A} = {EEFED4D1-F7A6-45C1-A942-67EBA767BADA}
		{010AEBEB-DDE8-463E-AADA-F385608EEC4F} = {EEFED4D1-F7A6-45C1-A942-67EBA767BADA}
		{BA302FE0-ACFA-430B-A597-57B1327DFEFE} = {EEFED4D1-F7A6-45C1-A942-67EBA767BADA}
		{37F7DEE9-2883-4B96-873A-399E2CD3464F} = {EEFED4D1-F7A6-45C1-A942-67EBA767BADA}
	EndGlobalSection
	GlobalSection(ExtensibilityGlobals) = postSolution
		SolutionGuid = {4BB535B0-2345-4576-B441-6084B9BC00B3}
	EndGlobalSection
EndGlobal
